
Microsoft Visual Studio Solution File, Format Version 12.00
# Visual Studio Version 17
VisualStudioVersion = 17.14.36109.1
MinimumVisualStudioVersion = 10.0.40219.1
Project("{FAE04EC0-301F-11D3-BF4B-00C04F79EFBC}") = "PromptOptimzer", "PromptOptimzer\PromptOptimzer.csproj", "{1EC75811-F121-4E0B-AC0D-1E8E253F9235}"
EndProject
Global
	GlobalSection(SolutionConfigurationPlatforms) = preSolution
		Debug|Any CPU = Debug|Any CPU
		Release|Any CPU = Release|Any CPU
	EndGlobalSection
	GlobalSection(ProjectConfigurationPlatforms) = postSolution
		{1EC75811-F121-4E0B-AC0D-1E8E253F9235}.Debug|Any CPU.ActiveCfg = Debug|Any CPU
		{1EC75811-F121-4E0B-AC0D-1E8E253F9235}.Debug|Any CPU.Build.0 = Debug|Any CPU
		{1EC75811-F121-4E0B-AC0D-1E8E253F9235}.Release|Any CPU.ActiveCfg = Release|Any CPU
		{1EC75811-F121-4E0B-AC0D-1E8E253F9235}.Release|Any CPU.Build.0 = Release|Any CPU
	EndGlobalSection
	GlobalSection(SolutionProperties) = preSolution
		HideSolutionNode = FALSE
	EndGlobalSection
	GlobalSection(ExtensibilityGlobals) = postSolution
		SolutionGuid = {C4D3696C-FEBA-464A-98E8-67628D01498F}
	EndGlobalSection
EndGlobal
